
Microsoft Visual Studio Solution File, Format Version 12.00
# Visual Studio Version 17
VisualStudioVersion = 17.11.35312.102
MinimumVisualStudioVersion = 10.0.40219.1
Project("{FAE04EC0-301F-11D3-BF4B-00C04F79EFBC}") = "SemanticKernelTests", "SemanticKernelTests.csproj", "{2191C3FD-15AF-49BE-AC6C-6931BC7ABF28}"
EndProject
Global
	GlobalSection(SolutionConfigurationPlatforms) = preSolution
		Debug|Any CPU = Debug|Any CPU
		Release|Any CPU = Release|Any CPU
	EndGlobalSection
	GlobalSection(ProjectConfigurationPlatforms) = postSolution
		{2191C3FD-15AF-49BE-AC6C-6931BC7ABF28}.Debug|Any CPU.ActiveCfg = Debug|Any CPU
		{2191C3FD-15AF-49BE-AC6C-6931BC7ABF28}.Debug|Any CPU.Build.0 = Debug|Any CPU
		{2191C3FD-15AF-49BE-AC6C-6931BC7ABF28}.Release|Any CPU.ActiveCfg = Release|Any CPU
		{2191C3FD-15AF-49BE-AC6C-6931BC7ABF28}.Release|Any CPU.Build.0 = Release|Any CPU
	EndGlobalSection
	GlobalSection(SolutionProperties) = preSolution
		HideSolutionNode = FALSE
	EndGlobalSection
	GlobalSection(ExtensibilityGlobals) = postSolution
		SolutionGuid = {6286E4AC-7192-4F1B-82B9-1E9423D1A411}
	EndGlobalSection
EndGlobal
